
Microsoft Visual Studio Solution File, Format Version 12.00
# Visual Studio Version 16
VisualStudioVersion = 16.0.31229.75
MinimumVisualStudioVersion = 10.0.40219.1
Project("{FAE04EC0-301F-11D3-BF4B-00C04F79EFBC}") = "CinemaConsoleApplication", "CinemaConsoleApplication.csproj", "{66709C7F-9A47-4950-A916-6FD735DF7DDE}"
EndProject
Global
	GlobalSection(SolutionConfigurationPlatforms) = preSolution
		Debug|Any CPU = Debug|Any CPU
		Release|Any CPU = Release|Any CPU
	EndGlobalSection
	GlobalSection(ProjectConfigurationPlatforms) = postSolution
		{66709C7F-9A47-4950-A916-6FD735DF7DDE}.Debug|Any CPU.ActiveCfg = Debug|Any CPU
		{66709C7F-9A47-4950-A916-6FD735DF7DDE}.Debug|Any CPU.Build.0 = Debug|Any CPU
		{66709C7F-9A47-4950-A916-6FD735DF7DDE}.Release|Any CPU.ActiveCfg = Release|Any CPU
		{66709C7F-9A47-4950-A916-6FD735DF7DDE}.Release|Any CPU.Build.0 = Release|Any CPU
	EndGlobalSection
	GlobalSection(SolutionProperties) = preSolution
		HideSolutionNode = FALSE
	EndGlobalSection
	GlobalSection(ExtensibilityGlobals) = postSolution
		SolutionGuid = {23CE7882-1340-40ED-BFD0-174F3CA238B3}
	EndGlobalSection
EndGlobal
